
Microsoft Visual Studio Solution File, Format Version 12.00
# Visual Studio Version 16
VisualStudioVersion = 16.0.29609.76
MinimumVisualStudioVersion = 10.0.40219.1
Project("{FAE04EC0-301F-11D3-BF4B-00C04F79EFBC}") = "SchoolContext", "SchoolContext\SchoolContext.csproj", "{51E18092-C040-464C-BE76-F1B3211F01AE}"
EndProject
Project("{9A19103F-16F7-4668-BE54-9A1E7A4F7556}") = "CodeFirst101", "CodeFirst101\CodeFirst101.csproj", "{D49D8DBE-3A2D-4C74-9709-8078FF2A3DBE}"
EndProject
Global
	GlobalSection(SolutionConfigurationPlatforms) = preSolution
		Debug|Any CPU = Debug|Any CPU
		Release|Any CPU = Release|Any CPU
	EndGlobalSection
	GlobalSection(ProjectConfigurationPlatforms) = postSolution
		{51E18092-C040-464C-BE76-F1B3211F01AE}.Debug|Any CPU.ActiveCfg = Debug|Any CPU
		{51E18092-C040-464C-BE76-F1B3211F01AE}.Debug|Any CPU.Build.0 = Debug|Any CPU
		{51E18092-C040-464C-BE76-F1B3211F01AE}.Release|Any CPU.ActiveCfg = Release|Any CPU
		{51E18092-C040-464C-BE76-F1B3211F01AE}.Release|Any CPU.Build.0 = Release|Any CPU
		{D49D8DBE-3A2D-4C74-9709-8078FF2A3DBE}.Debug|Any CPU.ActiveCfg = Debug|Any CPU
		{D49D8DBE-3A2D-4C74-9709-8078FF2A3DBE}.Debug|Any CPU.Build.0 = Debug|Any CPU
		{D49D8DBE-3A2D-4C74-9709-8078FF2A3DBE}.Release|Any CPU.ActiveCfg = Release|Any CPU
		{D49D8DBE-3A2D-4C74-9709-8078FF2A3DBE}.Release|Any CPU.Build.0 = Release|Any CPU
	EndGlobalSection
	GlobalSection(SolutionProperties) = preSolution
		HideSolutionNode = FALSE
	EndGlobalSection
	GlobalSection(ExtensibilityGlobals) = postSolution
		SolutionGuid = {1FD48F44-F2E9-45A1-B6F7-213836FBA5E2}
	EndGlobalSection
EndGlobal
